# THIS IS AN AUTOGENERATED FILE. DO NOT EDIT THIS FILE DIRECTLY.
# yarn lockfile v1


"@rollup/plugin-typescript@^8.2.1":
  version "8.2.1"
  resolved "https://registry.npm.taobao.org/@rollup/plugin-typescript/download/@rollup/plugin-typescript-8.2.1.tgz#f1a32d4030cc83432ce36a80a922280f0f0b5d44"
  integrity sha1-8aMtQDDMg0Ms42qAqSIoDw8LXUQ=
  dependencies:
    "@rollup/pluginutils" "^3.1.0"
    resolve "^1.17.0"

"@rollup/pluginutils@^3.1.0":
  version "3.1.0"
  resolved "https://registry.npm.taobao.org/@rollup/pluginutils/download/@rollup/pluginutils-3.1.0.tgz#706b4524ee6dc8b103b3c995533e5ad680c02b9b"
  integrity sha1-cGtFJO5tyLEDs8mVUz5a1oDAK5s=
  dependencies:
    "@types/estree" "0.0.39"
    estree-walker "^1.0.1"
    picomatch "^2.2.2"

"@types/estree@0.0.39":
  version "0.0.39"
  resolved "https://registry.nlark.com/@types/estree/download/@types/estree-0.0.39.tgz#e177e699ee1b8c22d23174caaa7422644389509f"
  integrity sha1-4Xfmme4bjCLSMXTKqnQiZEOJUJ8=

axios@^0.21.1:
  version "0.21.1"
  resolved "https://registry.npm.taobao.org/axios/download/axios-0.21.1.tgz?cache=0&sync_timestamp=1608611162952&other_urls=https%3A%2F%2Fregistry.npm.taobao.org%2Faxios%2Fdownload%2Faxios-0.21.1.tgz#22563481962f4d6bde9a76d516ef0e5d3c09b2b8"
  integrity sha1-IlY0gZYvTWvemnbVFu8OXTwJsrg=
  dependencies:
    follow-redirects "^1.10.0"

estree-walker@^1.0.1:
  version "1.0.1"
  resolved "https://registry.nlark.com/estree-walker/download/estree-walker-1.0.1.tgz?cache=0&sync_timestamp=1618846920228&other_urls=https%3A%2F%2Fregistry.nlark.com%2Festree-walker%2Fdownload%2Festree-walker-1.0.1.tgz#31bc5d612c96b704106b477e6dd5d8aa138cb700"
  integrity sha1-MbxdYSyWtwQQa0d+bdXYqhOMtwA=

follow-redirects@^1.10.0:
  version "1.14.0"
  resolved "https://registry.nlark.com/follow-redirects/download/follow-redirects-1.14.0.tgz#f5d260f95c5f8c105894491feee5dc8993b402fe"
  integrity sha1-9dJg+VxfjBBYlEkf7uXciZO0Av4=

fsevents@~2.3.1:
  version "2.3.2"
  resolved "https://registry.nlark.com/fsevents/download/fsevents-2.3.2.tgz#8a526f78b8fdf4623b709e0b975c52c24c02fd1a"
  integrity sha1-ilJveLj99GI7cJ4Ll1xSwkwC/Ro=

function-bind@^1.1.1:
  version "1.1.1"
  resolved "https://registry.npm.taobao.org/function-bind/download/function-bind-1.1.1.tgz#a56899d3ea3c9bab874bb9773b7c5ede92f4895d"
  integrity sha1-pWiZ0+o8m6uHS7l3O3xe3pL0iV0=

has@^1.0.3:
  version "1.0.3"
  resolved "https://registry.nlark.com/has/download/has-1.0.3.tgz?cache=0&sync_timestamp=1618847173393&other_urls=https%3A%2F%2Fregistry.nlark.com%2Fhas%2Fdownload%2Fhas-1.0.3.tgz#722d7cbfc1f6aa8241f16dd814e011e1f41e8796"
  integrity sha1-ci18v8H2qoJB8W3YFOAR4fQeh5Y=
  dependencies:
    function-bind "^1.1.1"

is-core-module@^2.2.0:
  version "2.3.0"
  resolved "https://registry.nlark.com/is-core-module/download/is-core-module-2.3.0.tgz#d341652e3408bca69c4671b79a0954a3d349f887"
  integrity sha1-00FlLjQIvKacRnG3mglUo9NJ+Ic=
  dependencies:
    has "^1.0.3"

path-parse@^1.0.6:
  version "1.0.6"
  resolved "https://registry.nlark.com/path-parse/download/path-parse-1.0.6.tgz#d62dbb5679405d72c4737ec58600e9ddcf06d24c"
  integrity sha1-1i27VnlAXXLEc37FhgDp3c8G0kw=

picomatch@^2.2.2:
  version "2.2.3"
  resolved "https://registry.npm.taobao.org/picomatch/download/picomatch-2.2.3.tgz?cache=0&sync_timestamp=1618050023150&other_urls=https%3A%2F%2Fregistry.npm.taobao.org%2Fpicomatch%2Fdownload%2Fpicomatch-2.2.3.tgz#465547f359ccc206d3c48e46a1bcb89bf7ee619d"
  integrity sha1-RlVH81nMwgbTxI5Goby4m/fuYZ0=

resolve@^1.17.0:
  version "1.20.0"
  resolved "https://registry.nlark.com/resolve/download/resolve-1.20.0.tgz?cache=0&sync_timestamp=1618846903792&other_urls=https%3A%2F%2Fregistry.nlark.com%2Fresolve%2Fdownload%2Fresolve-1.20.0.tgz#629a013fb3f70755d6f0b7935cc1c2c5378b1975"
  integrity sha1-YpoBP7P3B1XW8LeTXMHCxTeLGXU=
  dependencies:
    is-core-module "^2.2.0"
    path-parse "^1.0.6"

rollup@^2.46.0:
  version "2.46.0"
  resolved "https://registry.nlark.com/rollup/download/rollup-2.46.0.tgz?cache=0&sync_timestamp=1619673125301&other_urls=https%3A%2F%2Fregistry.nlark.com%2Frollup%2Fdownload%2Frollup-2.46.0.tgz#8cacf89d2ee31a34755f1af40a665168f592b829"
  integrity sha1-jKz4nS7jGjR1Xxr0CmZRaPWSuCk=
  optionalDependencies:
    fsevents "~2.3.1"

tslib@^2.2.0:
  version "2.2.0"
  resolved "https://registry.nlark.com/tslib/download/tslib-2.2.0.tgz?cache=0&sync_timestamp=1618847132149&other_urls=https%3A%2F%2Fregistry.nlark.com%2Ftslib%2Fdownload%2Ftslib-2.2.0.tgz#fb2c475977e35e241311ede2693cee1ec6698f5c"
  integrity sha1-+yxHWXfjXiQTEe3iaTzuHsZpj1w=

typescript@^4.2.4:
  version "4.2.4"
  resolved "https://registry.nlark.com/typescript/download/typescript-4.2.4.tgz#8610b59747de028fda898a8aef0e103f156d0961"
  integrity sha1-hhC1l0feAo/aiYqK7w4QPxVtCWE=
